// !$*UTF8*$!
{
	archiveVersion = 1;
	classes = {
	};
	objectVersion = 46;
	objects = {

/* Begin PBXBuildFile section */
		1E191E0B1E232DD800F01BC0 /* AppDelegate.swift in Sources */ = {isa = PBXBuildFile; fileRef = 1E191E0A1E232DD800F01BC0 /* AppDelegate.swift */; };
		1E191E0D1E232DD800F01BC0 /* ViewController.swift in Sources */ = {isa = PBXBuildFile; fileRef = 1E191E0C1E232DD800F01BC0 /* ViewController.swift */; };
		1E191E101E232DD800F01BC0 /* Main.storyboard in Resources */ = {isa = PBXBuildFile; fileRef = 1E191E0E1E232DD800F01BC0 /* Main.storyboard */; };
		1E191E121E232DD800F01BC0 /* Assets.xcassets in Resources */ = {isa = PBXBuildFile; fileRef = 1E191E111E232DD800F01BC0 /* Assets.xcassets */; };
		1E191E151E232DD800F01BC0 /* LaunchScreen.storyboard in Resources */ = {isa = PBXBuildFile; fileRef = 1E191E131E232DD800F01BC0 /* LaunchScreen.storyboard */; };
		1E191E211E2330AC00F01BC0 /* ViewScroll.swift in Sources */ = {isa = PBXBuildFile; fileRef = 1E191E201E2330AC00F01BC0 /* ViewScroll.swift */; };
		1E191E5A1E23313B00F01BC0 /* items.plist in Resources */ = {isa = PBXBuildFile; fileRef = 1E191E231E23313B00F01BC0 /* items.plist */; };
		1E191E5B1E23313B00F01BC0 /* shop1-0.jpg in Resources */ = {isa = PBXBuildFile; fileRef = 1E191E251E23313B00F01BC0 /* shop1-0.jpg */; };
		1E191E5C1E23313B00F01BC0 /* shop1-1.jpg in Resources */ = {isa = PBXBuildFile; fileRef = 1E191E261E23313B00F01BC0 /* shop1-1.jpg */; };
		1E191E5D1E23313B00F01BC0 /* shop1-2.jpg in Resources */ = {isa = PBXBuildFile; fileRef = 1E191E271E23313B00F01BC0 /* shop1-2.jpg */; };
		1E191E5E1E23313B00F01BC0 /* shop1-3.jpg in Resources */ = {isa = PBXBuildFile; fileRef = 1E191E281E23313B00F01BC0 /* shop1-3.jpg */; };
		1E191E5F1E23313B00F01BC0 /* shop1-4.jpg in Resources */ = {isa = PBXBuildFile; fileRef = 1E191E291E23313B00F01BC0 /* shop1-4.jpg */; };
		1E191E601E23313B00F01BC0 /* shop1-5.jpg in Resources */ = {isa = PBXBuildFile; fileRef = 1E191E2A1E23313B00F01BC0 /* shop1-5.jpg */; };
		1E191E611E23313B00F01BC0 /* shop1-6.jpg in Resources */ = {isa = PBXBuildFile; fileRef = 1E191E2B1E23313B00F01BC0 /* shop1-6.jpg */; };
		1E191E621E23313B00F01BC0 /* shop1-7.jpg in Resources */ = {isa = PBXBuildFile; fileRef = 1E191E2C1E23313B00F01BC0 /* shop1-7.jpg */; };
		1E191E631E23313B00F01BC0 /* shop1.rtf in Resources */ = {isa = PBXBuildFile; fileRef = 1E191E2D1E23313B00F01BC0 /* shop1.rtf */; };
		1E191E641E23313B00F01BC0 /* shop2-0.jpg in Resources */ = {isa = PBXBuildFile; fileRef = 1E191E2F1E23313B00F01BC0 /* shop2-0.jpg */; };
		1E191E651E23313B00F01BC0 /* shop2-1.jpg in Resources */ = {isa = PBXBuildFile; fileRef = 1E191E301E23313B00F01BC0 /* shop2-1.jpg */; };
		1E191E661E23313B00F01BC0 /* shop2-2.jpg in Resources */ = {isa = PBXBuildFile; fileRef = 1E191E311E23313B00F01BC0 /* shop2-2.jpg */; };
		1E191E671E23313B00F01BC0 /* shop2-3.jpg in Resources */ = {isa = PBXBuildFile; fileRef = 1E191E321E23313B00F01BC0 /* shop2-3.jpg */; };
		1E191E681E23313B00F01BC0 /* shop2-4.jpg in Resources */ = {isa = PBXBuildFile; fileRef = 1E191E331E23313B00F01BC0 /* shop2-4.jpg */; };
		1E191E691E23313B00F01BC0 /* shop2-5.jpg in Resources */ = {isa = PBXBuildFile; fileRef = 1E191E341E23313B00F01BC0 /* shop2-5.jpg */; };
		1E191E6A1E23313B00F01BC0 /* shop2-6.jpg in Resources */ = {isa = PBXBuildFile; fileRef = 1E191E351E23313B00F01BC0 /* shop2-6.jpg */; };
		1E191E6B1E23313B00F01BC0 /* shop2.rtf in Resources */ = {isa = PBXBuildFile; fileRef = 1E191E361E23313B00F01BC0 /* shop2.rtf */; };
		1E191E6C1E23313B00F01BC0 /* shop3-0.jpg in Resources */ = {isa = PBXBuildFile; fileRef = 1E191E381E23313B00F01BC0 /* shop3-0.jpg */; };
		1E191E6D1E23313B00F01BC0 /* shop3-1.jpg in Resources */ = {isa = PBXBuildFile; fileRef = 1E191E391E23313B00F01BC0 /* shop3-1.jpg */; };
		1E191E6E1E23313B00F01BC0 /* shop3-2.jpg in Resources */ = {isa = PBXBuildFile; fileRef = 1E191E3A1E23313B00F01BC0 /* shop3-2.jpg */; };
		1E191E6F1E23313B00F01BC0 /* shop3-3.jpg in Resources */ = {isa = PBXBuildFile; fileRef = 1E191E3B1E23313B00F01BC0 /* shop3-3.jpg */; };
		1E191E701E23313B00F01BC0 /* shop3-4.jpg in Resources */ = {isa = PBXBuildFile; fileRef = 1E191E3C1E23313B00F01BC0 /* shop3-4.jpg */; };
		1E191E711E23313B00F01BC0 /* shop3-5.jpg in Resources */ = {isa = PBXBuildFile; fileRef = 1E191E3D1E23313B00F01BC0 /* shop3-5.jpg */; };
		1E191E721E23313B00F01BC0 /* shop3-6.jpg in Resources */ = {isa = PBXBuildFile; fileRef = 1E191E3E1E23313B00F01BC0 /* shop3-6.jpg */; };
		1E191E731E23313B00F01BC0 /* shop3.rtf in Resources */ = {isa = PBXBuildFile; fileRef = 1E191E3F1E23313B00F01BC0 /* shop3.rtf */; };
		1E191E741E23313B00F01BC0 /* shop4-0.jpg in Resources */ = {isa = PBXBuildFile; fileRef = 1E191E411E23313B00F01BC0 /* shop4-0.jpg */; };
		1E191E751E23313B00F01BC0 /* shop4-1.jpg in Resources */ = {isa = PBXBuildFile; fileRef = 1E191E421E23313B00F01BC0 /* shop4-1.jpg */; };
		1E191E761E23313B00F01BC0 /* shop4-2.jpg in Resources */ = {isa = PBXBuildFile; fileRef = 1E191E431E23313B00F01BC0 /* shop4-2.jpg */; };
		1E191E771E23313B00F01BC0 /* shop4-3.jpg in Resources */ = {isa = PBXBuildFile; fileRef = 1E191E441E23313B00F01BC0 /* shop4-3.jpg */; };
		1E191E781E23313B00F01BC0 /* shop4-4.jpg in Resources */ = {isa = PBXBuildFile; fileRef = 1E191E451E23313B00F01BC0 /* shop4-4.jpg */; };
		1E191E791E23313B00F01BC0 /* shop4-5.jpg in Resources */ = {isa = PBXBuildFile; fileRef = 1E191E461E23313B00F01BC0 /* shop4-5.jpg */; };
		1E191E7A1E23313B00F01BC0 /* shop4-6.jpg in Resources */ = {isa = PBXBuildFile; fileRef = 1E191E471E23313B00F01BC0 /* shop4-6.jpg */; };
		1E191E7B1E23313B00F01BC0 /* shop4.rtf in Resources */ = {isa = PBXBuildFile; fileRef = 1E191E481E23313B00F01BC0 /* shop4.rtf */; };
		1E191E7C1E23313B00F01BC0 /* shop5-0.jpg in Resources */ = {isa = PBXBuildFile; fileRef = 1E191E4A1E23313B00F01BC0 /* shop5-0.jpg */; };
		1E191E7D1E23313B00F01BC0 /* shop5-1.jpg in Resources */ = {isa = PBXBuildFile; fileRef = 1E191E4B1E23313B00F01BC0 /* shop5-1.jpg */; };
		1E191E7E1E23313B00F01BC0 /* shop5-2.jpg in Resources */ = {isa = PBXBuildFile; fileRef = 1E191E4C1E23313B00F01BC0 /* shop5-2.jpg */; };
		1E191E7F1E23313B00F01BC0 /* shop5-3.jpg in Resources */ = {isa = PBXBuildFile; fileRef = 1E191E4D1E23313B00F01BC0 /* shop5-3.jpg */; };
		1E191E801E23313B00F01BC0 /* shop5-4.jpg in Resources */ = {isa = PBXBuildFile; fileRef = 1E191E4E1E23313B00F01BC0 /* shop5-4.jpg */; };
		1E191E811E23313B00F01BC0 /* shop5-5.jpg in Resources */ = {isa = PBXBuildFile; fileRef = 1E191E4F1E23313B00F01BC0 /* shop5-5.jpg */; };
		1E191E821E23313B00F01BC0 /* shop5.rtf in Resources */ = {isa = PBXBuildFile; fileRef = 1E191E501E23313B00F01BC0 /* shop5.rtf */; };
		1E191E831E23313B00F01BC0 /* shop6-0.jpg in Resources */ = {isa = PBXBuildFile; fileRef = 1E191E521E23313B00F01BC0 /* shop6-0.jpg */; };
		1E191E841E23313B00F01BC0 /* shop6-1.jpg in Resources */ = {isa = PBXBuildFile; fileRef = 1E191E531E23313B00F01BC0 /* shop6-1.jpg */; };
		1E191E851E23313B00F01BC0 /* shop6-2.jpg in Resources */ = {isa = PBXBuildFile; fileRef = 1E191E541E23313B00F01BC0 /* shop6-2.jpg */; };
		1E191E861E23313B00F01BC0 /* shop6-3.jpg in Resources */ = {isa = PBXBuildFile; fileRef = 1E191E551E23313B00F01BC0 /* shop6-3.jpg */; };
		1E191E871E23313B00F01BC0 /* shop6-4.jpg in Resources */ = {isa = PBXBuildFile; fileRef = 1E191E561E23313B00F01BC0 /* shop6-4.jpg */; };
		1E191E881E23313B00F01BC0 /* shop6-5.jpg in Resources */ = {isa = PBXBuildFile; fileRef = 1E191E571E23313B00F01BC0 /* shop6-5.jpg */; };
		1E191E891E23313B00F01BC0 /* shop6-6.jpg in Resources */ = {isa = PBXBuildFile; fileRef = 1E191E581E23313B00F01BC0 /* shop6-6.jpg */; };
		1E191E8A1E23313B00F01BC0 /* shop6.rtf in Resources */ = {isa = PBXBuildFile; fileRef = 1E191E591E23313B00F01BC0 /* shop6.rtf */; };
		1E191E8C1E23516500F01BC0 /* ListImages.swift in Sources */ = {isa = PBXBuildFile; fileRef = 1E191E8B1E23516500F01BC0 /* ListImages.swift */; };
/* End PBXBuildFile section */

/* Begin PBXFileReference section */
		1E191E071E232DD800F01BC0 /* EzFashionShop.app */ = {isa = PBXFileReference; explicitFileType = wrapper.application; includeInIndex = 0; path = EzFashionShop.app; sourceTree = BUILT_PRODUCTS_DIR; };
		1E191E0A1E232DD800F01BC0 /* AppDelegate.swift */ = {isa = PBXFileReference; lastKnownFileType = sourcecode.swift; path = AppDelegate.swift; sourceTree = "<group>"; };
		1E191E0C1E232DD800F01BC0 /* ViewController.swift */ = {isa = PBXFileReference; lastKnownFileType = sourcecode.swift; path = ViewController.swift; sourceTree = "<group>"; };
		1E191E0F1E232DD800F01BC0 /* Base */ = {isa = PBXFileReference; lastKnownFileType = file.storyboard; name = Base; path = Base.lproj/Main.storyboard; sourceTree = "<group>"; };
		1E191E111E232DD800F01BC0 /* Assets.xcassets */ = {isa = PBXFileReference; lastKnownFileType = folder.assetcatalog; path = Assets.xcassets; sourceTree = "<group>"; };
		1E191E141E232DD800F01BC0 /* Base */ = {isa = PBXFileReference; lastKnownFileType = file.storyboard; name = Base; path = Base.lproj/LaunchScreen.storyboard; sourceTree = "<group>"; };
		1E191E161E232DD800F01BC0 /* Info.plist */ = {isa = PBXFileReference; lastKnownFileType = text.plist.xml; path = Info.plist; sourceTree = "<group>"; };
		1E191E201E2330AC00F01BC0 /* ViewScroll.swift */ = {isa = PBXFileReference; fileEncoding = 4; lastKnownFileType = sourcecode.swift; path = ViewScroll.swift; sourceTree = "<group>"; };
		1E191E231E23313B00F01BC0 /* items.plist */ = {isa = PBXFileReference; fileEncoding = 4; lastKnownFileType = text.plist.xml; path = items.plist; sourceTree = "<group>"; };
		1E191E251E23313B00F01BC0 /* shop1-0.jpg */ = {isa = PBXFileReference; lastKnownFileType = image.jpeg; path = "shop1-0.jpg"; sourceTree = "<group>"; };
		1E191E261E23313B00F01BC0 /* shop1-1.jpg */ = {isa = PBXFileReference; lastKnownFileType = image.jpeg; path = "shop1-1.jpg"; sourceTree = "<group>"; };
		1E191E271E23313B00F01BC0 /* shop1-2.jpg */ = {isa = PBXFileReference; lastKnownFileType = image.jpeg; path = "shop1-2.jpg"; sourceTree = "<group>"; };
		1E191E281E23313B00F01BC0 /* shop1-3.jpg */ = {isa = PBXFileReference; lastKnownFileType = image.jpeg; path = "shop1-3.jpg"; sourceTree = "<group>"; };
		1E191E291E23313B00F01BC0 /* shop1-4.jpg */ = {isa = PBXFileReference; lastKnownFileType = image.jpeg; path = "shop1-4.jpg"; sourceTree = "<group>"; };
		1E191E2A1E23313B00F01BC0 /* shop1-5.jpg */ = {isa = PBXFileReference; lastKnownFileType = image.jpeg; path = "shop1-5.jpg"; sourceTree = "<group>"; };
		1E191E2B1E23313B00F01BC0 /* shop1-6.jpg */ = {isa = PBXFileReference; lastKnownFileType = image.jpeg; path = "shop1-6.jpg"; sourceTree = "<group>"; };
		1E191E2C1E23313B00F01BC0 /* shop1-7.jpg */ = {isa = PBXFileReference; lastKnownFileType = image.jpeg; path = "shop1-7.jpg"; sourceTree = "<group>"; };
		1E191E2D1E23313B00F01BC0 /* shop1.rtf */ = {isa = PBXFileReference; fileEncoding = 4; lastKnownFileType = text.rtf; path = shop1.rtf; sourceTree = "<group>"; };
		1E191E2F1E23313B00F01BC0 /* shop2-0.jpg */ = {isa = PBXFileReference; lastKnownFileType = image.jpeg; path = "shop2-0.jpg"; sourceTree = "<group>"; };
		1E191E301E23313B00F01BC0 /* shop2-1.jpg */ = {isa = PBXFileReference; lastKnownFileType = image.jpeg; path = "shop2-1.jpg"; sourceTree = "<group>"; };
		1E191E311E23313B00F01BC0 /* shop2-2.jpg */ = {isa = PBXFileReference; lastKnownFileType = image.jpeg; path = "shop2-2.jpg"; sourceTree = "<group>"; };
		1E191E321E23313B00F01BC0 /* shop2-3.jpg */ = {isa = PBXFileReference; lastKnownFileType = image.jpeg; path = "shop2-3.jpg"; sourceTree = "<group>"; };
		1E191E331E23313B00F01BC0 /* shop2-4.jpg */ = {isa = PBXFileReference; lastKnownFileType = image.jpeg; path = "shop2-4.jpg"; sourceTree = "<group>"; };
		1E191E341E23313B00F01BC0 /* shop2-5.jpg */ = {isa = PBXFileReference; lastKnownFileType = image.jpeg; path = "shop2-5.jpg"; sourceTree = "<group>"; };
		1E191E351E23313B00F01BC0 /* shop2-6.jpg */ = {isa = PBXFileReference; lastKnownFileType = image.jpeg; path = "shop2-6.jpg"; sourceTree = "<group>"; };
		1E191E361E23313B00F01BC0 /* shop2.rtf */ = {isa = PBXFileReference; fileEncoding = 4; lastKnownFileType = text.rtf; path = shop2.rtf; sourceTree = "<group>"; };
		1E191E381E23313B00F01BC0 /* shop3-0.jpg */ = {isa = PBXFileReference; lastKnownFileType = image.jpeg; path = "shop3-0.jpg"; sourceTree = "<group>"; };
		1E191E391E23313B00F01BC0 /* shop3-1.jpg */ = {isa = PBXFileReference; lastKnownFileType = image.jpeg; path = "shop3-1.jpg"; sourceTree = "<group>"; };
		1E191E3A1E23313B00F01BC0 /* shop3-2.jpg */ = {isa = PBXFileReference; lastKnownFileType = image.jpeg; path = "shop3-2.jpg"; sourceTree = "<group>"; };
		1E191E3B1E23313B00F01BC0 /* shop3-3.jpg */ = {isa = PBXFileReference; lastKnownFileType = image.jpeg; path = "shop3-3.jpg"; sourceTree = "<group>"; };
		1E191E3C1E23313B00F01BC0 /* shop3-4.jpg */ = {isa = PBXFileReference; lastKnownFileType = image.jpeg; path = "shop3-4.jpg"; sourceTree = "<group>"; };
		1E191E3D1E23313B00F01BC0 /* shop3-5.jpg */ = {isa = PBXFileReference; lastKnownFileType = image.jpeg; path = "shop3-5.jpg"; sourceTree = "<group>"; };
		1E191E3E1E23313B00F01BC0 /* shop3-6.jpg */ = {isa = PBXFileReference; lastKnownFileType = image.jpeg; path = "shop3-6.jpg"; sourceTree = "<group>"; };
		1E191E3F1E23313B00F01BC0 /* shop3.rtf */ = {isa = PBXFileReference; fileEncoding = 4; lastKnownFileType = text.rtf; path = shop3.rtf; sourceTree = "<group>"; };
		1E191E411E23313B00F01BC0 /* shop4-0.jpg */ = {isa = PBXFileReference; lastKnownFileType = image.jpeg; path = "shop4-0.jpg"; sourceTree = "<group>"; };
		1E191E421E23313B00F01BC0 /* shop4-1.jpg */ = {isa = PBXFileReference; lastKnownFileType = image.jpeg; path = "shop4-1.jpg"; sourceTree = "<group>"; };
		1E191E431E23313B00F01BC0 /* shop4-2.jpg */ = {isa = PBXFileReference; lastKnownFileType = image.jpeg; path = "shop4-2.jpg"; sourceTree = "<group>"; };
		1E191E441E23313B00F01BC0 /* shop4-3.jpg */ = {isa = PBXFileReference; lastKnownFileType = image.jpeg; path = "shop4-3.jpg"; sourceTree = "<group>"; };
		1E191E451E23313B00F01BC0 /* shop4-4.jpg */ = {isa = PBXFileReference; lastKnownFileType = image.jpeg; path = "shop4-4.jpg"; sourceTree = "<group>"; };
		1E191E461E23313B00F01BC0 /* shop4-5.jpg */ = {isa = PBXFileReference; lastKnownFileType = image.jpeg; path = "shop4-5.jpg"; sourceTree = "<group>"; };
		1E191E471E23313B00F01BC0 /* shop4-6.jpg */ = {isa = PBXFileReference; lastKnownFileType = image.jpeg; path = "shop4-6.jpg"; sourceTree = "<group>"; };
		1E191E481E23313B00F01BC0 /* shop4.rtf */ = {isa = PBXFileReference; fileEncoding = 4; lastKnownFileType = text.rtf; path = shop4.rtf; sourceTree = "<group>"; };
		1E191E4A1E23313B00F01BC0 /* shop5-0.jpg */ = {isa = PBXFileReference; lastKnownFileType = image.jpeg; path = "shop5-0.jpg"; sourceTree = "<group>"; };
		1E191E4B1E23313B00F01BC0 /* shop5-1.jpg */ = {isa = PBXFileReference; lastKnownFileType = image.jpeg; path = "shop5-1.jpg"; sourceTree = "<group>"; };
		1E191E4C1E23313B00F01BC0 /* shop5-2.jpg */ = {isa = PBXFileReference; lastKnownFileType = image.jpeg; path = "shop5-2.jpg"; sourceTree = "<group>"; };
		1E191E4D1E23313B00F01BC0 /* shop5-3.jpg */ = {isa = PBXFileReference; lastKnownFileType = image.jpeg; path = "shop5-3.jpg"; sourceTree = "<group>"; };
		1E191E4E1E23313B00F01BC0 /* shop5-4.jpg */ = {isa = PBXFileReference; lastKnownFileType = image.jpeg; path = "shop5-4.jpg"; sourceTree = "<group>"; };
		1E191E4F1E23313B00F01BC0 /* shop5-5.jpg */ = {isa = PBXFileReference; lastKnownFileType = image.jpeg; path = "shop5-5.jpg"; sourceTree = "<group>"; };
		1E191E501E23313B00F01BC0 /* shop5.rtf */ = {isa = PBXFileReference; fileEncoding = 4; lastKnownFileType = text.rtf; path = shop5.rtf; sourceTree = "<group>"; };
		1E191E521E23313B00F01BC0 /* shop6-0.jpg */ = {isa = PBXFileReference; lastKnownFileType = image.jpeg; path = "shop6-0.jpg"; sourceTree = "<group>"; };
		1E191E531E23313B00F01BC0 /* shop6-1.jpg */ = {isa = PBXFileReference; lastKnownFileType = image.jpeg; path = "shop6-1.jpg"; sourceTree = "<group>"; };
		1E191E541E23313B00F01BC0 /* shop6-2.jpg */ = {isa = PBXFileReference; lastKnownFileType = image.jpeg; path = "shop6-2.jpg"; sourceTree = "<group>"; };
		1E191E551E23313B00F01BC0 /* shop6-3.jpg */ = {isa = PBXFileReference; lastKnownFileType = image.jpeg; path = "shop6-3.jpg"; sourceTree = "<group>"; };
		1E191E561E23313B00F01BC0 /* shop6-4.jpg */ = {isa = PBXFileReference; lastKnownFileType = image.jpeg; path = "shop6-4.jpg"; sourceTree = "<group>"; };
		1E191E571E23313B00F01BC0 /* shop6-5.jpg */ = {isa = PBXFileReference; lastKnownFileType = image.jpeg; path = "shop6-5.jpg"; sourceTree = "<group>"; };
		1E191E581E23313B00F01BC0 /* shop6-6.jpg */ = {isa = PBXFileReference; lastKnownFileType = image.jpeg; path = "shop6-6.jpg"; sourceTree = "<group>"; };
		1E191E591E23313B00F01BC0 /* shop6.rtf */ = {isa = PBXFileReference; fileEncoding = 4; lastKnownFileType = text.rtf; path = shop6.rtf; sourceTree = "<group>"; };
		1E191E8B1E23516500F01BC0 /* ListImages.swift */ = {isa = PBXFileReference; fileEncoding = 4; lastKnownFileType = sourcecode.swift; path = ListImages.swift; sourceTree = "<group>"; };
/* End PBXFileReference section */

/* Begin PBXFrameworksBuildPhase section */
		1E191E041E232DD800F01BC0 /* Frameworks */ = {
			isa = PBXFrameworksBuildPhase;
			buildActionMask = 2147483647;
			files = (
			);
			runOnlyForDeploymentPostprocessing = 0;
		};
/* End PBXFrameworksBuildPhase section */

/* Begin PBXGroup section */
		1E191DFE1E232DD800F01BC0 = {
			isa = PBXGroup;
			children = (
				1E191E091E232DD800F01BC0 /* EzFashionShop */,
				1E191E081E232DD800F01BC0 /* Products */,
			);
			sourceTree = "<group>";
		};
		1E191E081E232DD800F01BC0 /* Products */ = {
			isa = PBXGroup;
			children = (
				1E191E071E232DD800F01BC0 /* EzFashionShop.app */,
			);
			name = Products;
			sourceTree = "<group>";
		};
		1E191E091E232DD800F01BC0 /* EzFashionShop */ = {
			isa = PBXGroup;
			children = (
				1E191E221E23313B00F01BC0 /* Source */,
				1E191E0A1E232DD800F01BC0 /* AppDelegate.swift */,
				1E191E0C1E232DD800F01BC0 /* ViewController.swift */,
				1E191E0E1E232DD800F01BC0 /* Main.storyboard */,
				1E191E111E232DD800F01BC0 /* Assets.xcassets */,
				1E191E131E232DD800F01BC0 /* LaunchScreen.storyboard */,
				1E191E161E232DD800F01BC0 /* Info.plist */,
				1E191E201E2330AC00F01BC0 /* ViewScroll.swift */,
				1E191E8B1E23516500F01BC0 /* ListImages.swift */,
			);
			path = EzFashionShop;
			sourceTree = "<group>";
		};
		1E191E221E23313B00F01BC0 /* Source */ = {
			isa = PBXGroup;
			children = (
				1E191E231E23313B00F01BC0 /* items.plist */,
				1E191E241E23313B00F01BC0 /* Shop1 */,
				1E191E2E1E23313B00F01BC0 /* Shop2 */,
				1E191E371E23313B00F01BC0 /* Shop3 */,
				1E191E401E23313B00F01BC0 /* Shop4 */,
				1E191E491E23313B00F01BC0 /* Shop5 */,
				1E191E511E23313B00F01BC0 /* Shop6 */,
			);
			path = Source;
			sourceTree = "<group>";
		};
		1E191E241E23313B00F01BC0 /* Shop1 */ = {
			isa = PBXGroup;
			children = (
				1E191E251E23313B00F01BC0 /* shop1-0.jpg */,
				1E191E261E23313B00F01BC0 /* shop1-1.jpg */,
				1E191E271E23313B00F01BC0 /* shop1-2.jpg */,
				1E191E281E23313B00F01BC0 /* shop1-3.jpg */,
				1E191E291E23313B00F01BC0 /* shop1-4.jpg */,
				1E191E2A1E23313B00F01BC0 /* shop1-5.jpg */,
				1E191E2B1E23313B00F01BC0 /* shop1-6.jpg */,
				1E191E2C1E23313B00F01BC0 /* shop1-7.jpg */,
				1E191E2D1E23313B00F01BC0 /* shop1.rtf */,
			);
			path = Shop1;
			sourceTree = "<group>";
		};
		1E191E2E1E23313B00F01BC0 /* Shop2 */ = {
			isa = PBXGroup;
			children = (
				1E191E2F1E23313B00F01BC0 /* shop2-0.jpg */,
				1E191E301E23313B00F01BC0 /* shop2-1.jpg */,
				1E191E311E23313B00F01BC0 /* shop2-2.jpg */,
				1E191E321E23313B00F01BC0 /* shop2-3.jpg */,
				1E191E331E23313B00F01BC0 /* shop2-4.jpg */,
				1E191E341E23313B00F01BC0 /* shop2-5.jpg */,
				1E191E351E23313B00F01BC0 /* shop2-6.jpg */,
				1E191E361E23313B00F01BC0 /* shop2.rtf */,
			);
			path = Shop2;
			sourceTree = "<group>";
		};
		1E191E371E23313B00F01BC0 /* Shop3 */ = {
			isa = PBXGroup;
			children = (
				1E191E381E23313B00F01BC0 /* shop3-0.jpg */,
				1E191E391E23313B00F01BC0 /* shop3-1.jpg */,
				1E191E3A1E23313B00F01BC0 /* shop3-2.jpg */,
				1E191E3B1E23313B00F01BC0 /* shop3-3.jpg */,
				1E191E3C1E23313B00F01BC0 /* shop3-4.jpg */,
				1E191E3D1E23313B00F01BC0 /* shop3-5.jpg */,
				1E191E3E1E23313B00F01BC0 /* shop3-6.jpg */,
				1E191E3F1E23313B00F01BC0 /* shop3.rtf */,
			);
			path = Shop3;
			sourceTree = "<group>";
		};
		1E191E401E23313B00F01BC0 /* Shop4 */ = {
			isa = PBXGroup;
			children = (
				1E191E411E23313B00F01BC0 /* shop4-0.jpg */,
				1E191E421E23313B00F01BC0 /* shop4-1.jpg */,
				1E191E431E23313B00F01BC0 /* shop4-2.jpg */,
				1E191E441E23313B00F01BC0 /* shop4-3.jpg */,
				1E191E451E23313B00F01BC0 /* shop4-4.jpg */,
				1E191E461E23313B00F01BC0 /* shop4-5.jpg */,
				1E191E471E23313B00F01BC0 /* shop4-6.jpg */,
				1E191E481E23313B00F01BC0 /* shop4.rtf */,
			);
			path = Shop4;
			sourceTree = "<group>";
		};
		1E191E491E23313B00F01BC0 /* Shop5 */ = {
			isa = PBXGroup;
			children = (
				1E191E4A1E23313B00F01BC0 /* shop5-0.jpg */,
				1E191E4B1E23313B00F01BC0 /* shop5-1.jpg */,
				1E191E4C1E23313B00F01BC0 /* shop5-2.jpg */,
				1E191E4D1E23313B00F01BC0 /* shop5-3.jpg */,
				1E191E4E1E23313B00F01BC0 /* shop5-4.jpg */,
				1E191E4F1E23313B00F01BC0 /* shop5-5.jpg */,
				1E191E501E23313B00F01BC0 /* shop5.rtf */,
			);
			path = Shop5;
			sourceTree = "<group>";
		};
		1E191E511E23313B00F01BC0 /* Shop6 */ = {
			isa = PBXGroup;
			children = (
				1E191E521E23313B00F01BC0 /* shop6-0.jpg */,
				1E191E531E23313B00F01BC0 /* shop6-1.jpg */,
				1E191E541E23313B00F01BC0 /* shop6-2.jpg */,
				1E191E551E23313B00F01BC0 /* shop6-3.jpg */,
				1E191E561E23313B00F01BC0 /* shop6-4.jpg */,
				1E191E571E23313B00F01BC0 /* shop6-5.jpg */,
				1E191E581E23313B00F01BC0 /* shop6-6.jpg */,
				1E191E591E23313B00F01BC0 /* shop6.rtf */,
			);
			path = Shop6;
			sourceTree = "<group>";
		};
/* End PBXGroup section */

/* Begin PBXNativeTarget section */
		1E191E061E232DD800F01BC0 /* EzFashionShop */ = {
			isa = PBXNativeTarget;
			buildConfigurationList = 1E191E191E232DD900F01BC0 /* Build configuration list for PBXNativeTarget "EzFashionShop" */;
			buildPhases = (
				1E191E031E232DD800F01BC0 /* Sources */,
				1E191E041E232DD800F01BC0 /* Frameworks */,
				1E191E051E232DD800F01BC0 /* Resources */,
			);
			buildRules = (
			);
			dependencies = (
			);
			name = EzFashionShop;
			productName = EzFashionShop;
			productReference = 1E191E071E232DD800F01BC0 /* EzFashionShop.app */;
			productType = "com.apple.product-type.application";
		};
/* End PBXNativeTarget section */

/* Begin PBXProject section */
		1E191DFF1E232DD800F01BC0 /* Project object */ = {
			isa = PBXProject;
			attributes = {
				LastSwiftUpdateCheck = 0800;
				LastUpgradeCheck = 0800;
				ORGANIZATIONNAME = tek4fun;
				TargetAttributes = {
					1E191E061E232DD800F01BC0 = {
						CreatedOnToolsVersion = 8.0;
						ProvisioningStyle = Automatic;
					};
				};
			};
			buildConfigurationList = 1E191E021E232DD800F01BC0 /* Build configuration list for PBXProject "EzFashionShop" */;
			compatibilityVersion = "Xcode 3.2";
			developmentRegion = English;
			hasScannedForEncodings = 0;
			knownRegions = (
				en,
				Base,
			);
			mainGroup = 1E191DFE1E232DD800F01BC0;
			productRefGroup = 1E191E081E232DD800F01BC0 /* Products */;
			projectDirPath = "";
			projectRoot = "";
			targets = (
				1E191E061E232DD800F01BC0 /* EzFashionShop */,
			);
		};
/* End PBXProject section */

/* Begin PBXResourcesBuildPhase section */
		1E191E051E232DD800F01BC0 /* Resources */ = {
			isa = PBXResourcesBuildPhase;
			buildActionMask = 2147483647;
			files = (
				1E191E811E23313B00F01BC0 /* shop5-5.jpg in Resources */,
				1E191E891E23313B00F01BC0 /* shop6-6.jpg in Resources */,
				1E191E851E23313B00F01BC0 /* shop6-2.jpg in Resources */,
				1E191E7E1E23313B00F01BC0 /* shop5-2.jpg in Resources */,
				1E191E151E232DD800F01BC0 /* LaunchScreen.storyboard in Resources */,
				1E191E741E23313B00F01BC0 /* shop4-0.jpg in Resources */,
				1E191E621E23313B00F01BC0 /* shop1-7.jpg in Resources */,
				1E191E801E23313B00F01BC0 /* shop5-4.jpg in Resources */,
				1E191E671E23313B00F01BC0 /* shop2-3.jpg in Resources */,
				1E191E5C1E23313B00F01BC0 /* shop1-1.jpg in Resources */,
				1E191E871E23313B00F01BC0 /* shop6-4.jpg in Resources */,
				1E191E8A1E23313B00F01BC0 /* shop6.rtf in Resources */,
				1E191E751E23313B00F01BC0 /* shop4-1.jpg in Resources */,
				1E191E861E23313B00F01BC0 /* shop6-3.jpg in Resources */,
				1E191E6B1E23313B00F01BC0 /* shop2.rtf in Resources */,
				1E191E761E23313B00F01BC0 /* shop4-2.jpg in Resources */,
				1E191E121E232DD800F01BC0 /* Assets.xcassets in Resources */,
				1E191E7B1E23313B00F01BC0 /* shop4.rtf in Resources */,
				1E191E831E23313B00F01BC0 /* shop6-0.jpg in Resources */,
				1E191E701E23313B00F01BC0 /* shop3-4.jpg in Resources */,
				1E191E821E23313B00F01BC0 /* shop5.rtf in Resources */,
				1E191E691E23313B00F01BC0 /* shop2-5.jpg in Resources */,
				1E191E731E23313B00F01BC0 /* shop3.rtf in Resources */,
				1E191E601E23313B00F01BC0 /* shop1-5.jpg in Resources */,
				1E191E6C1E23313B00F01BC0 /* shop3-0.jpg in Resources */,
				1E191E661E23313B00F01BC0 /* shop2-2.jpg in Resources */,
				1E191E641E23313B00F01BC0 /* shop2-0.jpg in Resources */,
				1E191E791E23313B00F01BC0 /* shop4-5.jpg in Resources */,
				1E191E101E232DD800F01BC0 /* Main.storyboard in Resources */,
				1E191E6F1E23313B00F01BC0 /* shop3-3.jpg in Resources */,
				1E191E7A1E23313B00F01BC0 /* shop4-6.jpg in Resources */,
				1E191E7F1E23313B00F01BC0 /* shop5-3.jpg in Resources */,
				1E191E721E23313B00F01BC0 /* shop3-6.jpg in Resources */,
				1E191E611E23313B00F01BC0 /* shop1-6.jpg in Resources */,
				1E191E5B1E23313B00F01BC0 /* shop1-0.jpg in Resources */,
				1E191E841E23313B00F01BC0 /* shop6-1.jpg in Resources */,
				1E191E711E23313B00F01BC0 /* shop3-5.jpg in Resources */,
				1E191E5E1E23313B00F01BC0 /* shop1-3.jpg in Resources */,
				1E191E781E23313B00F01BC0 /* shop4-4.jpg in Resources */,
				1E191E6A1E23313B00F01BC0 /* shop2-6.jpg in Resources */,
				1E191E881E23313B00F01BC0 /* shop6-5.jpg in Resources */,
				1E191E7D1E23313B00F01BC0 /* shop5-1.jpg in Resources */,
				1E191E5A1E23313B00F01BC0 /* items.plist in Resources */,
				1E191E771E23313B00F01BC0 /* shop4-3.jpg in Resources */,
				1E191E681E23313B00F01BC0 /* shop2-4.jpg in Resources */,
				1E191E6D1E23313B00F01BC0 /* shop3-1.jpg in Resources */,
				1E191E5F1E23313B00F01BC0 /* shop1-4.jpg in Resources */,
				1E191E5D1E23313B00F01BC0 /* shop1-2.jpg in Resources */,
				1E191E7C1E23313B00F01BC0 /* shop5-0.jpg in Resources */,
				1E191E651E23313B00F01BC0 /* shop2-1.jpg in Resources */,
				1E191E6E1E23313B00F01BC0 /* shop3-2.jpg in Resources */,
				1E191E631E23313B00F01BC0 /* shop1.rtf in Resources */,
			);
			runOnlyForDeploymentPostprocessing = 0;
		};
/* End PBXResourcesBuildPhase section */

/* Begin PBXSourcesBuildPhase section */
		1E191E031E232DD800F01BC0 /* Sources */ = {
			isa = PBXSourcesBuildPhase;
			buildActionMask = 2147483647;
			files = (
				1E191E211E2330AC00F01BC0 /* ViewScroll.swift in Sources */,
				1E191E0D1E232DD800F01BC0 /* ViewController.swift in Sources */,
				1E191E8C1E23516500F01BC0 /* ListImages.swift in Sources */,
				1E191E0B1E232DD800F01BC0 /* AppDelegate.swift in Sources */,
			);
			runOnlyForDeploymentPostprocessing = 0;
		};
/* End PBXSourcesBuildPhase section */

/* Begin PBXVariantGroup section */
		1E191E0E1E232DD800F01BC0 /* Main.storyboard */ = {
			isa = PBXVariantGroup;
			children = (
				1E191E0F1E232DD800F01BC0 /* Base */,
			);
			name = Main.storyboard;
			sourceTree = "<group>";
		};
		1E191E131E232DD800F01BC0 /* LaunchScreen.storyboard */ = {
			isa = PBXVariantGroup;
			children = (
				1E191E141E232DD800F01BC0 /* Base */,
			);
			name = LaunchScreen.storyboard;
			sourceTree = "<group>";
		};
/* End PBXVariantGroup section */

/* Begin XCBuildConfiguration section */
		1E191E171E232DD900F01BC0 /* Debug */ = {
			isa = XCBuildConfiguration;
			buildSettings = {
				ALWAYS_SEARCH_USER_PATHS = NO;
				CLANG_ANALYZER_NONNULL = YES;
				CLANG_CXX_LANGUAGE_STANDARD = "gnu++0x";
				CLANG_CXX_LIBRARY = "libc++";
				CLANG_ENABLE_MODULES = YES;
				CLANG_ENABLE_OBJC_ARC = YES;
				CLANG_WARN_BOOL_CONVERSION = YES;
				CLANG_WARN_CONSTANT_CONVERSION = YES;
				CLANG_WARN_DIRECT_OBJC_ISA_USAGE = YES_ERROR;
				CLANG_WARN_DOCUMENTATION_COMMENTS = YES;
				CLANG_WARN_EMPTY_BODY = YES;
				CLANG_WARN_ENUM_CONVERSION = YES;
				CLANG_WARN_INFINITE_RECURSION = YES;
				CLANG_WARN_INT_CONVERSION = YES;
				CLANG_WARN_OBJC_ROOT_CLASS = YES_ERROR;
				CLANG_WARN_SUSPICIOUS_MOVES = YES;
				CLANG_WARN_UNREACHABLE_CODE = YES;
				CLANG_WARN__DUPLICATE_METHOD_MATCH = YES;
				"CODE_SIGN_IDENTITY[sdk=iphoneos*]" = "iPhone Developer";
				COPY_PHASE_STRIP = NO;
				DEBUG_INFORMATION_FORMAT = dwarf;
				ENABLE_STRICT_OBJC_MSGSEND = YES;
				ENABLE_TESTABILITY = YES;
				GCC_C_LANGUAGE_STANDARD = gnu99;
				GCC_DYNAMIC_NO_PIC = NO;
				GCC_NO_COMMON_BLOCKS = YES;
				GCC_OPTIMIZATION_LEVEL = 0;
				GCC_PREPROCESSOR_DEFINITIONS = (
					"DEBUG=1",
					"$(inherited)",
				);
				GCC_WARN_64_TO_32_BIT_CONVERSION = YES;
				GCC_WARN_ABOUT_RETURN_TYPE = YES_ERROR;
				GCC_WARN_UNDECLARED_SELECTOR = YES;
				GCC_WARN_UNINITIALIZED_AUTOS = YES_AGGRESSIVE;
				GCC_WARN_UNUSED_FUNCTION = YES;
				GCC_WARN_UNUSED_VARIABLE = YES;
				IPHONEOS_DEPLOYMENT_TARGET = 10.0;
				MTL_ENABLE_DEBUG_INFO = YES;
				ONLY_ACTIVE_ARCH = YES;
				SDKROOT = iphoneos;
				SWIFT_ACTIVE_COMPILATION_CONDITIONS = DEBUG;
				SWIFT_OPTIMIZATION_LEVEL = "-Onone";
				TARGETED_DEVICE_FAMILY = "1,2";
			};
			name = Debug;
		};
		1E191E181E232DD900F01BC0 /* Release */ = {
			isa = XCBuildConfiguration;
			buildSettings = {
				ALWAYS_SEARCH_USER_PATHS = NO;
				CLANG_ANALYZER_NONNULL = YES;
				CLANG_CXX_LANGUAGE_STANDARD = "gnu++0x";
				CLANG_CXX_LIBRARY = "libc++";
				CLANG_ENABLE_MODULES = YES;
				CLANG_ENABLE_OBJC_ARC = YES;
				CLANG_WARN_BOOL_CONVERSION = YES;
				CLANG_WARN_CONSTANT_CONVERSION = YES;
				CLANG_WARN_DIRECT_OBJC_ISA_USAGE = YES_ERROR;
				CLANG_WARN_DOCUMENTATION_COMMENTS = YES;
				CLANG_WARN_EMPTY_BODY = YES;
				CLANG_WARN_ENUM_CONVERSION = YES;
				CLANG_WARN_INFINITE_RECURSION = YES;
				CLANG_WARN_INT_CONVERSION = YES;
				CLANG_WARN_OBJC_ROOT_CLASS = YES_ERROR;
				CLANG_WARN_SUSPICIOUS_MOVES = YES;
				CLANG_WARN_UNREACHABLE_CODE = YES;
				CLANG_WARN__DUPLICATE_METHOD_MATCH = YES;
				"CODE_SIGN_IDENTITY[sdk=iphoneos*]" = "iPhone Developer";
				COPY_PHASE_STRIP = NO;
				DEBUG_INFORMATION_FORMAT = "dwarf-with-dsym";
				ENABLE_NS_ASSERTIONS = NO;
				ENABLE_STRICT_OBJC_MSGSEND = YES;
				GCC_C_LANGUAGE_STANDARD = gnu99;
				GCC_NO_COMMON_BLOCKS = YES;
				GCC_WARN_64_TO_32_BIT_CONVERSION = YES;
				GCC_WARN_ABOUT_RETURN_TYPE = YES_ERROR;
				GCC_WARN_UNDECLARED_SELECTOR = YES;
				GCC_WARN_UNINITIALIZED_AUTOS = YES_AGGRESSIVE;
				GCC_WARN_UNUSED_FUNCTION = YES;
				GCC_WARN_UNUSED_VARIABLE = YES;
				IPHONEOS_DEPLOYMENT_TARGET = 10.0;
				MTL_ENABLE_DEBUG_INFO = NO;
				SDKROOT = iphoneos;
				SWIFT_OPTIMIZATION_LEVEL = "-Owholemodule";
				TARGETED_DEVICE_FAMILY = "1,2";
				VALIDATE_PRODUCT = YES;
			};
			name = Release;
		};
		1E191E1A1E232DD900F01BC0 /* Debug */ = {
			isa = XCBuildConfiguration;
			buildSettings = {
				ASSETCATALOG_COMPILER_APPICON_NAME = AppIcon;
				INFOPLIST_FILE = EzFashionShop/Info.plist;
				LD_RUNPATH_SEARCH_PATHS = "$(inherited) @executable_path/Frameworks";
				PRODUCT_BUNDLE_IDENTIFIER = vn.techmaster.EzFashionShop;
				PRODUCT_NAME = "$(TARGET_NAME)";
				SWIFT_VERSION = 3.0;
			};
			name = Debug;
		};
		1E191E1B1E232DD900F01BC0 /* Release */ = {
			isa = XCBuildConfiguration;
			buildSettings = {
				ASSETCATALOG_COMPILER_APPICON_NAME = AppIcon;
				INFOPLIST_FILE = EzFashionShop/Info.plist;
				LD_RUNPATH_SEARCH_PATHS = "$(inherited) @executable_path/Frameworks";
				PRODUCT_BUNDLE_IDENTIFIER = vn.techmaster.EzFashionShop;
				PRODUCT_NAME = "$(TARGET_NAME)";
				SWIFT_VERSION = 3.0;
			};
			name = Release;
		};
/* End XCBuildConfiguration section */

/* Begin XCConfigurationList section */
		1E191E021E232DD800F01BC0 /* Build configuration list for PBXProject "EzFashionShop" */ = {
			isa = XCConfigurationList;
			buildConfigurations = (
				1E191E171E232DD900F01BC0 /* Debug */,
				1E191E181E232DD900F01BC0 /* Release */,
			);
			defaultConfigurationIsVisible = 0;
			defaultConfigurationName = Release;
		};
		1E191E191E232DD900F01BC0 /* Build configuration list for PBXNativeTarget "EzFashionShop" */ = {
			isa = XCConfigurationList;
			buildConfigurations = (
				1E191E1A1E232DD900F01BC0 /* Debug */,
				1E191E1B1E232DD900F01BC0 /* Release */,
			);
			defaultConfigurationIsVisible = 0;
		};
/* End XCConfigurationList section */
	};
	rootObject = 1E191DFF1E232DD800F01BC0 /* Project object */;
}
